
Microsoft Visual Studio Solution File, Format Version 12.00
# Visual Studio Version 16
VisualStudioVersion = 16.0.32228.343
MinimumVisualStudioVersion = 10.0.40219.1
Project("{FAE04EC0-301F-11D3-BF4B-00C04F79EFBC}") = "1_Two Sum", "1_Two Sum\1_Two Sum.csproj", "{C458C90F-A2FB-4B8B-8EF6-5A523B7F6FAA}"
EndProject
Global
	GlobalSection(SolutionConfigurationPlatforms) = preSolution
		Debug|Any CPU = Debug|Any CPU
		Release|Any CPU = Release|Any CPU
	EndGlobalSection
	GlobalSection(ProjectConfigurationPlatforms) = postSolution
		{C458C90F-A2FB-4B8B-8EF6-5A523B7F6FAA}.Debug|Any CPU.ActiveCfg = Debug|Any CPU
		{C458C90F-A2FB-4B8B-8EF6-5A523B7F6FAA}.Debug|Any CPU.Build.0 = Debug|Any CPU
		{C458C90F-A2FB-4B8B-8EF6-5A523B7F6FAA}.Release|Any CPU.ActiveCfg = Release|Any CPU
		{C458C90F-A2FB-4B8B-8EF6-5A523B7F6FAA}.Release|Any CPU.Build.0 = Release|Any CPU
	EndGlobalSection
	GlobalSection(SolutionProperties) = preSolution
		HideSolutionNode = FALSE
	EndGlobalSection
	GlobalSection(ExtensibilityGlobals) = postSolution
		SolutionGuid = {566292F5-DF50-427E-B56A-9F5ACBC6F7CE}
	EndGlobalSection
EndGlobal
